{"format_version":"1.0","provider_schemas":{"registry.terraform.io/selectel/selectel":{"provider":{"version":0,"block":{"attributes":{"endpoint":{"type":"string","description":"Base endpoint to work with the Selectel API.","description_kind":"plain","optional":true},"project_id":{"type":"string","description":"VPC project ID to import resources that need the project scope auth token.","description_kind":"plain","optional":true},"region":{"type":"string","description":"VPC region to import resources associated with the specific region.","description_kind":"plain","optional":true},"token":{"type":"string","description":"Token to authorize with the Selectel API.","description_kind":"plain","required":true}},"description_kind":"plain"}},"resource_schemas":{"selectel_dbaas_database_v1":{"version":0,"block":{"attributes":{"datastore_id":{"type":"string","description_kind":"plain","required":true},"id":{"type":"string","description_kind":"plain","optional":true,"computed":true},"lc_collate":{"type":"string","description_kind":"plain","optional":true},"lc_ctype":{"type":"string","description_kind":"plain","optional":true},"name":{"type":"string","description_kind":"plain","required":true},"owner_id":{"type":"string","description_kind":"plain","optional":true},"project_id":{"type":"string","description_kind":"plain","required":true},"region":{"type":"string","description_kind":"plain","required":true},"status":{"type":"string","description_kind":"plain","computed":true}},"block_types":{"timeouts":{"nesting_mode":"single","block":{"attributes":{"create":{"type":"string","description_kind":"plain","optional":true},"delete":{"type":"string","description_kind":"plain","optional":true},"update":{"type":"string","description_kind":"plain","optional":true}},"description_kind":"plain"}}},"description_kind":"plain"}},"selectel_dbaas_datastore_v1":{"version":0,"block":{"attributes":{"config":{"type":["map","string"],"description_kind":"plain","optional":true,"computed":true},"connections":{"type":["map","string"],"description_kind":"plain","computed":true},"enabled":{"type":"bool","description_kind":"plain","computed":true},"flavor_id":{"type":"string","description_kind":"plain","optional":true,"computed":true},"id":{"type":"string","description_kind":"plain","optional":true,"computed":true},"name":{"type":"string","description_kind":"plain","required":true},"node_count":{"type":"number","description_kind":"plain","required":true},"project_id":{"type":"string","description_kind":"plain","required":true},"redis_password":{"type":"string","description_kind":"plain","optional":true},"region":{"type":"string","description_kind":"plain","required":true},"status":{"type":"string","description_kind":"plain","computed":true},"subnet_id":{"type":"string","description_kind":"plain","required":true},"type_id":{"type":"string","description_kind":"plain","required":true}},"block_types":{"firewall":{"nesting_mode":"set","block":{"attributes":{"ips":{"type":["list","string"],"description_kind":"plain","required":true}},"description_kind":"plain"}},"flavor":{"nesting_mode":"set","block":{"attributes":{"disk":{"type":"number","description_kind":"plain","required":true},"ram":{"type":"number","description_kind":"plain","required":true},"vcpus":{"type":"number","description_kind":"plain","required":true}},"description_kind":"plain"}},"pooler":{"nesting_mode":"set","block":{"attributes":{"mode":{"type":"string","description_kind":"plain","required":true},"size":{"type":"number","description_kind":"plain","required":true}},"description_kind":"plain"}},"restore":{"nesting_mode":"set","block":{"attributes":{"datastore_id":{"type":"string","description_kind":"plain","optional":true},"target_time":{"type":"string","description_kind":"plain","optional":true}},"description_kind":"plain"}},"timeouts":{"nesting_mode":"single","block":{"attributes":{"create":{"type":"string","description_kind":"plain","optional":true},"delete":{"type":"string","description_kind":"plain","optional":true},"update":{"type":"string","description_kind":"plain","optional":true}},"description_kind":"plain"}}},"description_kind":"plain"}},"selectel_dbaas_extension_v1":{"version":0,"block":{"attributes":{"available_extension_id":{"type":"string","description_kind":"plain","required":true},"database_id":{"type":"string","description_kind":"plain","required":true},"datastore_id":{"type":"string","description_kind":"plain","required":true},"id":{"type":"string","description_kind":"plain","optional":true,"computed":true},"project_id":{"type":"string","description_kind":"plain","required":true},"region":{"type":"string","description_kind":"plain","required":true},"status":{"type":"string","description_kind":"plain","computed":true}},"block_types":{"timeouts":{"nesting_mode":"single","block":{"attributes":{"create":{"type":"string","description_kind":"plain","optional":true},"delete":{"type":"string","description_kind":"plain","optional":true},"update":{"type":"string","description_kind":"plain","optional":true}},"description_kind":"plain"}}},"description_kind":"plain"}},"selectel_dbaas_grant_v1":{"version":0,"block":{"attributes":{"database_id":{"type":"string","description_kind":"plain","required":true},"datastore_id":{"type":"string","description_kind":"plain","required":true},"id":{"type":"string","description_kind":"plain","optional":true,"computed":true},"project_id":{"type":"string","description_kind":"plain","required":true},"region":{"type":"string","description_kind":"plain","required":true},"status":{"type":"string","description_kind":"plain","computed":true},"user_id":{"type":"string","description_kind":"plain","required":true}},"block_types":{"timeouts":{"nesting_mode":"single","block":{"attributes":{"create":{"type":"string","description_kind":"plain","optional":true},"delete":{"type":"string","description_kind":"plain","optional":true},"update":{"type":"string","description_kind":"plain","optional":true}},"description_kind":"plain"}}},"description_kind":"plain"}},"selectel_dbaas_prometheus_metric_token_v1":{"version":0,"block":{"attributes":{"id":{"type":"string","description_kind":"plain","optional":true,"computed":true},"name":{"type":"string","description_kind":"plain","required":true},"project_id":{"type":"string","description_kind":"plain","required":true},"region":{"type":"string","description_kind":"plain","required":true},"value":{"type":"string","description_kind":"plain","computed":true}},"block_types":{"timeouts":{"nesting_mode":"single","block":{"attributes":{"create":{"type":"string","description_kind":"plain","optional":true},"delete":{"type":"string","description_kind":"plain","optional":true},"update":{"type":"string","description_kind":"plain","optional":true}},"description_kind":"plain"}}},"description_kind":"plain"}},"selectel_dbaas_user_v1":{"version":0,"block":{"attributes":{"datastore_id":{"type":"string","description_kind":"plain","required":true},"id":{"type":"string","description_kind":"plain","optional":true,"computed":true},"name":{"type":"string","description_kind":"plain","required":true},"password":{"type":"string","description_kind":"plain","required":true},"project_id":{"type":"string","description_kind":"plain","required":true},"region":{"type":"string","description_kind":"plain","required":true},"status":{"type":"string","description_kind":"plain","computed":true}},"block_types":{"timeouts":{"nesting_mode":"single","block":{"attributes":{"create":{"type":"string","description_kind":"plain","optional":true},"delete":{"type":"string","description_kind":"plain","optional":true},"update":{"type":"string","description_kind":"plain","optional":true}},"description_kind":"plain"}}},"description_kind":"plain"}},"selectel_domains_domain_v1":{"version":0,"block":{"attributes":{"id":{"type":"string","description_kind":"plain","optional":true,"computed":true},"name":{"type":"string","description_kind":"plain","required":true},"user_id":{"type":"number","description_kind":"plain","computed":true}},"description_kind":"plain"}},"selectel_domains_record_v1":{"version":0,"block":{"attributes":{"content":{"type":"string","description_kind":"plain","optional":true},"domain_id":{"type":"number","description_kind":"plain","required":true},"email":{"type":"string","description_kind":"plain","optional":true},"id":{"type":"string","description_kind":"plain","optional":true,"computed":true},"name":{"type":"string","description_kind":"plain","required":true},"port":{"type":"number","description_kind":"plain","optional":true},"priority":{"type":"number","description_kind":"plain","optional":true},"target":{"type":"string","description_kind":"plain","optional":true},"ttl":{"type":"number","description_kind":"plain","required":true},"type":{"type":"string","description_kind":"plain","required":true},"weight":{"type":"number","description_kind":"plain","optional":true}},"description_kind":"plain"}},"selectel_mks_cluster_v1":{"version":0,"block":{"attributes":{"admission_controllers":{"type":["set","string"],"description_kind":"plain","optional":true},"enable_autorepair":{"type":"bool","description_kind":"plain","optional":true},"enable_patch_version_auto_upgrade":{"type":"bool","description_kind":"plain","optional":true},"enable_pod_security_policy":{"type":"bool","description_kind":"plain","optional":true},"feature_gates":{"type":["set","string"],"description_kind":"plain","optional":true},"id":{"type":"string","description_kind":"plain","optional":true,"computed":true},"kube_api_ip":{"type":"string","description_kind":"plain","computed":true},"kube_version":{"type":"string","description_kind":"plain","required":true},"maintenance_window_end":{"type":"string","description_kind":"plain","computed":true},"maintenance_window_start":{"type":"string","description_kind":"plain","optional":true,"computed":true},"name":{"type":"string","description_kind":"plain","required":true},"network_id":{"type":"string","description_kind":"plain","optional":true,"computed":true},"project_id":{"type":"string","description_kind":"plain","required":true},"region":{"type":"string","description_kind":"plain","required":true},"status":{"type":"string","description_kind":"plain","computed":true},"subnet_id":{"type":"string","description_kind":"plain","optional":true,"computed":true},"zonal":{"type":"bool","description_kind":"plain","optional":true}},"block_types":{"timeouts":{"nesting_mode":"single","block":{"attributes":{"create":{"type":"string","description_kind":"plain","optional":true},"delete":{"type":"string","description_kind":"plain","optional":true},"update":{"type":"string","description_kind":"plain","optional":true}},"description_kind":"plain"}}},"description_kind":"plain"}},"selectel_mks_nodegroup_v1":{"version":0,"block":{"attributes":{"affinity_policy":{"type":"string","description_kind":"plain","optional":true},"autoscale_max_nodes":{"type":"number","description_kind":"plain","optional":true,"computed":true},"autoscale_min_nodes":{"type":"number","description_kind":"plain","optional":true,"computed":true},"availability_zone":{"type":"string","description_kind":"plain","required":true},"cluster_id":{"type":"string","description_kind":"plain","required":true},"cpus":{"type":"number","description_kind":"plain","optional":true},"enable_autoscale":{"type":"bool","description_kind":"plain","optional":true,"computed":true},"flavor_id":{"type":"string","description_kind":"plain","optional":true,"computed":true},"id":{"type":"string","description_kind":"plain","optional":true,"computed":true},"keypair_name":{"type":"string","description_kind":"plain","optional":true},"labels":{"type":["map","string"],"description_kind":"plain","optional":true},"local_volume":{"type":"bool","description_kind":"plain","optional":true},"nodes":{"type":["list",["object",{"hostname":"string","id":"string","ip":"string"}]],"description_kind":"plain","computed":true},"nodes_count":{"type":"number","description_kind":"plain","required":true},"project_id":{"type":"string","description_kind":"plain","required":true},"ram_mb":{"type":"number","description_kind":"plain","optional":true},"region":{"type":"string","description_kind":"plain","required":true},"volume_gb":{"type":"number","description_kind":"plain","optional":true},"volume_type":{"type":"string","description_kind":"plain","optional":true}},"block_types":{"taints":{"nesting_mode":"list","block":{"attributes":{"effect":{"type":"string","description_kind":"plain","required":true},"key":{"type":"string","description_kind":"plain","required":true},"value":{"type":"string","description_kind":"plain","required":true}},"description_kind":"plain"}},"timeouts":{"nesting_mode":"single","block":{"attributes":{"create":{"type":"string","description_kind":"plain","optional":true},"delete":{"type":"string","description_kind":"plain","optional":true},"update":{"type":"string","description_kind":"plain","optional":true}},"description_kind":"plain"}}},"description_kind":"plain"}},"selectel_vpc_crossregion_subnet_v2":{"version":0,"block":{"attributes":{"cidr":{"type":"string","description_kind":"plain","required":true},"id":{"type":"string","description_kind":"plain","optional":true,"computed":true},"project_id":{"type":"string","description_kind":"plain","required":true},"servers":{"type":["set",["object",{"id":"string","name":"string","status":"string"}]],"description_kind":"plain","computed":true},"status":{"type":"string","description_kind":"plain","computed":true},"subnets":{"type":["set",["object",{"cidr":"string","network_id":"string","project_id":"string","region":"string","subnet_id":"string","vlan_id":"number","vtep_ip_address":"string"}]],"description_kind":"plain","computed":true},"vlan_id":{"type":"number","description_kind":"plain","computed":true}},"block_types":{"regions":{"nesting_mode":"set","block":{"attributes":{"region":{"type":"string","description_kind":"plain","required":true}},"description_kind":"plain"},"min_items":1}},"description_kind":"plain"}},"selectel_vpc_floatingip_v2":{"version":0,"block":{"attributes":{"fixed_ip_address":{"type":"string","description_kind":"plain","computed":true},"floating_ip_address":{"type":"string","description_kind":"plain","computed":true},"id":{"type":"string","description_kind":"plain","optional":true,"computed":true},"port_id":{"type":"string","description_kind":"plain","computed":true},"project_id":{"type":"string","description_kind":"plain","required":true},"region":{"type":"string","description_kind":"plain","required":true},"servers":{"type":["set",["object",{"id":"string","name":"string","status":"string"}]],"description_kind":"plain","computed":true},"status":{"type":"string","description_kind":"plain","computed":true}},"description_kind":"plain"}},"selectel_vpc_keypair_v2":{"version":0,"block":{"attributes":{"id":{"type":"string","description_kind":"plain","optional":true,"computed":true},"name":{"type":"string","description_kind":"plain","required":true},"public_key":{"type":"string","description_kind":"plain","required":true},"regions":{"type":["set","string"],"description_kind":"plain","optional":true},"user_id":{"type":"string","description_kind":"plain","required":true}},"description_kind":"plain"}},"selectel_vpc_license_v2":{"version":0,"block":{"attributes":{"id":{"type":"string","description_kind":"plain","optional":true,"computed":true},"network_id":{"type":"string","description_kind":"plain","computed":true},"port_id":{"type":"string","description_kind":"plain","computed":true},"project_id":{"type":"string","description_kind":"plain","required":true},"region":{"type":"string","description_kind":"plain","required":true},"servers":{"type":["set",["object",{"id":"string","name":"string","status":"string"}]],"description_kind":"plain","computed":true},"status":{"type":"string","description_kind":"plain","computed":true},"subnet_id":{"type":"string","description_kind":"plain","computed":true},"type":{"type":"string","description_kind":"plain","required":true}},"description_kind":"plain"}},"selectel_vpc_project_v2":{"version":0,"block":{"attributes":{"all_quotas":{"type":["set",["object",{"resource_name":"string","resource_quotas":["set",["object",{"region":"string","used":"number","value":"number","zone":"string"}]]}]],"description_kind":"plain","computed":true},"auto_quotas":{"type":"bool","description_kind":"plain","optional":true},"custom_url":{"type":"string","description_kind":"plain","optional":true},"enabled":{"type":"bool","description_kind":"plain","computed":true},"id":{"type":"string","description_kind":"plain","optional":true,"computed":true},"name":{"type":"string","description_kind":"plain","required":true},"theme":{"type":["map","string"],"description_kind":"plain","optional":true},"url":{"type":"string","description_kind":"plain","computed":true}},"block_types":{"quotas":{"nesting_mode":"set","block":{"attributes":{"resource_name":{"type":"string","description_kind":"plain","required":true}},"block_types":{"resource_quotas":{"nesting_mode":"set","block":{"attributes":{"region":{"type":"string","description_kind":"plain","optional":true},"value":{"type":"number","description_kind":"plain","required":true},"zone":{"type":"string","description_kind":"plain","optional":true}},"description_kind":"plain"},"min_items":1}},"description_kind":"plain"}}},"description_kind":"plain"}},"selectel_vpc_role_v2":{"version":0,"block":{"attributes":{"id":{"type":"string","description_kind":"plain","optional":true,"computed":true},"project_id":{"type":"string","description_kind":"plain","required":true},"user_id":{"type":"string","description_kind":"plain","required":true}},"description_kind":"plain"}},"selectel_vpc_subnet_v2":{"version":0,"block":{"attributes":{"cidr":{"type":"string","description_kind":"plain","computed":true},"id":{"type":"string","description_kind":"plain","optional":true,"computed":true},"ip_version":{"type":"string","description_kind":"plain","optional":true},"network_id":{"type":"string","description_kind":"plain","computed":true},"prefix_length":{"type":"number","description_kind":"plain","optional":true},"project_id":{"type":"string","description_kind":"plain","required":true},"region":{"type":"string","description_kind":"plain","required":true},"servers":{"type":["set",["object",{"id":"string","name":"string","status":"string"}]],"description_kind":"plain","computed":true},"status":{"type":"string","description_kind":"plain","computed":true},"subnet_id":{"type":"string","description_kind":"plain","computed":true}},"description_kind":"plain"}},"selectel_vpc_token_v2":{"version":0,"block":{"attributes":{"account_name":{"type":"string","description_kind":"plain","optional":true},"id":{"type":"string","description_kind":"plain","optional":true,"computed":true},"project_id":{"type":"string","description_kind":"plain","optional":true}},"description_kind":"plain"}},"selectel_vpc_user_v2":{"version":0,"block":{"attributes":{"enabled":{"type":"bool","description_kind":"plain","optional":true},"id":{"type":"string","description_kind":"plain","optional":true,"computed":true},"name":{"type":"string","description_kind":"plain","required":true},"password":{"type":"string","description_kind":"plain","required":true}},"description_kind":"plain"}},"selectel_vpc_vrrp_subnet_v2":{"version":0,"block":{"attributes":{"cidr":{"type":"string","description_kind":"plain","computed":true},"id":{"type":"string","description_kind":"plain","optional":true,"computed":true},"ip_version":{"type":"string","description_kind":"plain","optional":true},"master_region":{"type":"string","description_kind":"plain","required":true},"prefix_length":{"type":"number","description_kind":"plain","optional":true},"project_id":{"type":"string","description_kind":"plain","required":true},"servers":{"type":["set",["object",{"id":"string","name":"string","status":"string"}]],"description_kind":"plain","computed":true},"slave_region":{"type":"string","description_kind":"plain","required":true},"status":{"type":"string","description_kind":"plain","computed":true},"subnets":{"type":["set",["object",{"cidr":"string","network_id":"string","project_id":"string","region":"string","subnet_id":"string","vlan_id":"number","vtep_ip_address":"string"}]],"description_kind":"plain","computed":true}},"description_kind":"plain"}}},"data_source_schemas":{"selectel_dbaas_available_extension_v1":{"version":0,"block":{"attributes":{"available_extensions":{"type":["list",["object",{"datastore_type_ids":["list","string"],"dependency_ids":["list","string"],"id":"string","name":"string"}]],"description_kind":"plain","computed":true},"id":{"type":"string","description_kind":"plain","optional":true,"computed":true},"project_id":{"type":"string","description_kind":"plain","required":true},"region":{"type":"string","description_kind":"plain","required":true}},"block_types":{"filter":{"nesting_mode":"set","block":{"attributes":{"name":{"type":"string","description_kind":"plain","optional":true}},"description_kind":"plain"}}},"description_kind":"plain"}},"selectel_dbaas_configuration_parameter_v1":{"version":0,"block":{"attributes":{"configuration_parameters":{"type":["list",["object",{"choices":["list","string"],"datastore_type_id":"string","default_value":"string","id":"string","is_changeable":"bool","is_restart_required":"bool","max":"string","min":"string","name":"string","type":"string","unit":"string"}]],"description_kind":"plain","computed":true},"id":{"type":"string","description_kind":"plain","optional":true,"computed":true},"project_id":{"type":"string","description_kind":"plain","required":true},"region":{"type":"string","description_kind":"plain","required":true}},"block_types":{"filter":{"nesting_mode":"set","block":{"attributes":{"datastore_type_id":{"type":"string","description_kind":"plain","optional":true},"name":{"type":"string","description_kind":"plain","optional":true}},"description_kind":"plain"}}},"description_kind":"plain"}},"selectel_dbaas_datastore_type_v1":{"version":0,"block":{"attributes":{"datastore_types":{"type":["list",["object",{"engine":"string","id":"string","version":"string"}]],"description_kind":"plain","computed":true},"id":{"type":"string","description_kind":"plain","optional":true,"computed":true},"project_id":{"type":"string","description_kind":"plain","required":true},"region":{"type":"string","description_kind":"plain","required":true}},"block_types":{"filter":{"nesting_mode":"set","block":{"attributes":{"engine":{"type":"string","description_kind":"plain","optional":true},"version":{"type":"string","description_kind":"plain","optional":true}},"description_kind":"plain"}}},"description_kind":"plain"}},"selectel_dbaas_flavor_v1":{"version":0,"block":{"attributes":{"flavors":{"type":["list",["object",{"datastore_type_ids":["list","string"],"description":"string","disk":"number","id":"string","name":"string","ram":"number","vcpus":"number"}]],"description_kind":"plain","computed":true},"id":{"type":"string","description_kind":"plain","optional":true,"computed":true},"project_id":{"type":"string","description_kind":"plain","required":true},"region":{"type":"string","description_kind":"plain","required":true}},"block_types":{"filter":{"nesting_mode":"set","block":{"attributes":{"datastore_type_id":{"type":"string","description_kind":"plain","optional":true},"disk":{"type":"number","description_kind":"plain","optional":true},"ram":{"type":"number","description_kind":"plain","optional":true},"vcpus":{"type":"number","description_kind":"plain","optional":true}},"description_kind":"plain"}}},"description_kind":"plain"}},"selectel_dbaas_prometheus_metric_token_v1":{"version":0,"block":{"attributes":{"id":{"type":"string","description_kind":"plain","optional":true,"computed":true},"project_id":{"type":"string","description_kind":"plain","required":true},"prometheus_metrics_tokens":{"type":["list",["object",{"created_at":"string","id":"string","name":"string","project_id":"string","updated_at":"string","value":"string"}]],"description_kind":"plain","computed":true},"region":{"type":"string","description_kind":"plain","required":true}},"description_kind":"plain"}},"selectel_domains_domain_v1":{"version":0,"block":{"attributes":{"id":{"type":"string","description_kind":"plain","optional":true,"computed":true},"name":{"type":"string","description_kind":"plain","required":true},"user_id":{"type":"number","description_kind":"plain","computed":true}},"description_kind":"plain"}},"selectel_mks_admission_controllers_v1":{"version":0,"block":{"attributes":{"admission_controllers":{"type":["set",["object",{"kube_version":"string","names":["set","string"]}]],"description_kind":"plain","computed":true},"id":{"type":"string","description_kind":"plain","optional":true,"computed":true},"project_id":{"type":"string","description_kind":"plain","required":true},"region":{"type":"string","description_kind":"plain","required":true}},"block_types":{"filter":{"nesting_mode":"set","block":{"attributes":{"kube_version":{"type":"string","description_kind":"plain","required":true}},"description_kind":"plain"}}},"description_kind":"plain"}},"selectel_mks_feature_gates_v1":{"version":0,"block":{"attributes":{"feature_gates":{"type":["set",["object",{"kube_version":"string","names":["set","string"]}]],"description_kind":"plain","computed":true},"id":{"type":"string","description_kind":"plain","optional":true,"computed":true},"project_id":{"type":"string","description_kind":"plain","required":true},"region":{"type":"string","description_kind":"plain","required":true}},"block_types":{"filter":{"nesting_mode":"set","block":{"attributes":{"kube_version":{"type":"string","description_kind":"plain","required":true}},"description_kind":"plain"}}},"description_kind":"plain"}},"selectel_mks_kube_versions_v1":{"version":0,"block":{"attributes":{"default_version":{"type":"string","description_kind":"plain","computed":true},"id":{"type":"string","description_kind":"plain","optional":true,"computed":true},"latest_version":{"type":"string","description_kind":"plain","computed":true},"project_id":{"type":"string","description_kind":"plain","required":true},"region":{"type":"string","description_kind":"plain","required":true},"versions":{"type":["list","string"],"description_kind":"plain","computed":true}},"description_kind":"plain"}},"selectel_mks_kubeconfig_v1":{"version":0,"block":{"attributes":{"client_cert":{"type":"string","description_kind":"plain","computed":true,"sensitive":true},"client_key":{"type":"string","description_kind":"plain","computed":true,"sensitive":true},"cluster_ca_cert":{"type":"string","description_kind":"plain","computed":true,"sensitive":true},"cluster_id":{"type":"string","description_kind":"plain","required":true},"id":{"type":"string","description_kind":"plain","optional":true,"computed":true},"project_id":{"type":"string","description_kind":"plain","required":true},"raw_config":{"type":"string","description_kind":"plain","computed":true,"sensitive":true},"region":{"type":"string","description_kind":"plain","required":true},"server":{"type":"string","description_kind":"plain","computed":true,"sensitive":true}},"description_kind":"plain"}}}}}}
